// !$*UTF8*$!
{
	archiveVersion = 1;
	classes = {
	};
	objectVersion = 56;
	objects = {

/* Begin PBXBuildFile section */
		A36172AE2AFA76AE00EB6EAD /* AppDelegate.swift in Sources */ = {isa = PBXBuildFile; fileRef = A36172AD2AFA76AE00EB6EAD /* AppDelegate.swift */; };
		A36172B02AFA76AE00EB6EAD /* SceneDelegate.swift in Sources */ = {isa = PBXBuildFile; fileRef = A36172AF2AFA76AE00EB6EAD /* SceneDelegate.swift */; };
		A36172B22AFA76AE00EB6EAD /* ViewController.swift in Sources */ = {isa = PBXBuildFile; fileRef = A36172B12AFA76AE00EB6EAD /* ViewController.swift */; };
		A36172B72AFA76AF00EB6EAD /* Assets.xcassets in Resources */ = {isa = PBXBuildFile; fileRef = A36172B62AFA76AF00EB6EAD /* Assets.xcassets */; };
		A36172BA2AFA76AF00EB6EAD /* LaunchScreen.storyboard in Resources */ = {isa = PBXBuildFile; fileRef = A36172B82AFA76AF00EB6EAD /* LaunchScreen.storyboard */; };
		A36172C32AFA89DD00EB6EAD /* ToDoList.xcdatamodeld in Sources */ = {isa = PBXBuildFile; fileRef = A36172C12AFA89DD00EB6EAD /* ToDoList.xcdatamodeld */; };
		A36172D12AFA8F4500EB6EAD /* CoreDataManager.swift in Sources */ = {isa = PBXBuildFile; fileRef = A36172D02AFA8F4500EB6EAD /* CoreDataManager.swift */; };
/* End PBXBuildFile section */

/* Begin PBXFileReference section */
		A36172AA2AFA76AE00EB6EAD /* To-DoArchsExperiment.app */ = {isa = PBXFileReference; explicitFileType = wrapper.application; includeInIndex = 0; path = "To-DoArchsExperiment.app"; sourceTree = BUILT_PRODUCTS_DIR; };
		A36172AD2AFA76AE00EB6EAD /* AppDelegate.swift */ = {isa = PBXFileReference; lastKnownFileType = sourcecode.swift; path = AppDelegate.swift; sourceTree = "<group>"; };
		A36172AF2AFA76AE00EB6EAD /* SceneDelegate.swift */ = {isa = PBXFileReference; lastKnownFileType = sourcecode.swift; path = SceneDelegate.swift; sourceTree = "<group>"; };
		A36172B12AFA76AE00EB6EAD /* ViewController.swift */ = {isa = PBXFileReference; lastKnownFileType = sourcecode.swift; path = ViewController.swift; sourceTree = "<group>"; };
		A36172B62AFA76AF00EB6EAD /* Assets.xcassets */ = {isa = PBXFileReference; lastKnownFileType = folder.assetcatalog; path = Assets.xcassets; sourceTree = "<group>"; };
		A36172B92AFA76AF00EB6EAD /* Base */ = {isa = PBXFileReference; lastKnownFileType = file.storyboard; name = Base; path = Base.lproj/LaunchScreen.storyboard; sourceTree = "<group>"; };
		A36172BB2AFA76AF00EB6EAD /* Info.plist */ = {isa = PBXFileReference; lastKnownFileType = text.plist.xml; path = Info.plist; sourceTree = "<group>"; };
		A36172C22AFA89DD00EB6EAD /* ToDoList.xcdatamodel */ = {isa = PBXFileReference; lastKnownFileType = wrapper.xcdatamodel; path = ToDoList.xcdatamodel; sourceTree = "<group>"; };
		A36172C42AFA8BFA00EB6EAD /* TasksList+CoreDataClass.swift */ = {isa = PBXFileReference; lastKnownFileType = sourcecode.swift; path = "TasksList+CoreDataClass.swift"; sourceTree = "<group>"; };
		A36172C52AFA8BFA00EB6EAD /* TasksList+CoreDataProperties.swift */ = {isa = PBXFileReference; lastKnownFileType = sourcecode.swift; path = "TasksList+CoreDataProperties.swift"; sourceTree = "<group>"; };
		A36172C62AFA8BFA00EB6EAD /* Task+CoreDataClass.swift */ = {isa = PBXFileReference; lastKnownFileType = sourcecode.swift; path = "Task+CoreDataClass.swift"; sourceTree = "<group>"; };
		A36172C72AFA8BFA00EB6EAD /* Task+CoreDataProperties.swift */ = {isa = PBXFileReference; lastKnownFileType = sourcecode.swift; path = "Task+CoreDataProperties.swift"; sourceTree = "<group>"; };
		A36172D02AFA8F4500EB6EAD /* CoreDataManager.swift */ = {isa = PBXFileReference; lastKnownFileType = sourcecode.swift; path = CoreDataManager.swift; sourceTree = "<group>"; };
/* End PBXFileReference section */

/* Begin PBXFrameworksBuildPhase section */
		A36172A72AFA76AE00EB6EAD /* Frameworks */ = {
			isa = PBXFrameworksBuildPhase;
			buildActionMask = 2147483647;
			files = (
			);
			runOnlyForDeploymentPostprocessing = 0;
		};
/* End PBXFrameworksBuildPhase section */

/* Begin PBXGroup section */
		A36172A12AFA76AE00EB6EAD = {
			isa = PBXGroup;
			children = (
				A36172AC2AFA76AE00EB6EAD /* To-DoArchsExperiment */,
				A36172AB2AFA76AE00EB6EAD /* Products */,
			);
			sourceTree = "<group>";
		};
		A36172AB2AFA76AE00EB6EAD /* Products */ = {
			isa = PBXGroup;
			children = (
				A36172AA2AFA76AE00EB6EAD /* To-DoArchsExperiment.app */,
			);
			name = Products;
			sourceTree = "<group>";
		};
		A36172AC2AFA76AE00EB6EAD /* To-DoArchsExperiment */ = {
			isa = PBXGroup;
			children = (
				A36172CF2AFA8F2300EB6EAD /* DataLayer */,
				A36172AD2AFA76AE00EB6EAD /* AppDelegate.swift */,
				A36172AF2AFA76AE00EB6EAD /* SceneDelegate.swift */,
				A36172CE2AFA8EFA00EB6EAD /* Resourses */,
				A36172B12AFA76AE00EB6EAD /* ViewController.swift */,
				A36172BB2AFA76AF00EB6EAD /* Info.plist */,
			);
			path = "To-DoArchsExperiment";
			sourceTree = "<group>";
		};
		A36172CD2AFA8C4E00EB6EAD /* CoreData */ = {
			isa = PBXGroup;
			children = (
				A36172C12AFA89DD00EB6EAD /* ToDoList.xcdatamodeld */,
				A36172C52AFA8BFA00EB6EAD /* TasksList+CoreDataProperties.swift */,
				A36172C62AFA8BFA00EB6EAD /* Task+CoreDataClass.swift */,
				A36172C72AFA8BFA00EB6EAD /* Task+CoreDataProperties.swift */,
				A36172C42AFA8BFA00EB6EAD /* TasksList+CoreDataClass.swift */,
				A36172D02AFA8F4500EB6EAD /* CoreDataManager.swift */,
			);
			path = CoreData;
			sourceTree = "<group>";
		};
		A36172CE2AFA8EFA00EB6EAD /* Resourses */ = {
			isa = PBXGroup;
			children = (
				A36172B62AFA76AF00EB6EAD /* Assets.xcassets */,
				A36172B82AFA76AF00EB6EAD /* LaunchScreen.storyboard */,
			);
			path = Resourses;
			sourceTree = "<group>";
		};
		A36172CF2AFA8F2300EB6EAD /* DataLayer */ = {
			isa = PBXGroup;
			children = (
				A36172CD2AFA8C4E00EB6EAD /* CoreData */,
			);
			path = DataLayer;
			sourceTree = "<group>";
		};
/* End PBXGroup section */

/* Begin PBXNativeTarget section */
		A36172A92AFA76AE00EB6EAD /* To-DoArchsExperiment */ = {
			isa = PBXNativeTarget;
			buildConfigurationList = A36172BE2AFA76AF00EB6EAD /* Build configuration list for PBXNativeTarget "To-DoArchsExperiment" */;
			buildPhases = (
				A36172A62AFA76AE00EB6EAD /* Sources */,
				A36172A72AFA76AE00EB6EAD /* Frameworks */,
				A36172A82AFA76AE00EB6EAD /* Resources */,
			);
			buildRules = (
			);
			dependencies = (
			);
			name = "To-DoArchsExperiment";
			productName = "To-DoArchsExperiment";
			productReference = A36172AA2AFA76AE00EB6EAD /* To-DoArchsExperiment.app */;
			productType = "com.apple.product-type.application";
		};
/* End PBXNativeTarget section */

/* Begin PBXProject section */
		A36172A22AFA76AE00EB6EAD /* Project object */ = {
			isa = PBXProject;
			attributes = {
				BuildIndependentTargetsInParallel = 1;
				LastSwiftUpdateCheck = 1500;
				LastUpgradeCheck = 1500;
				TargetAttributes = {
					A36172A92AFA76AE00EB6EAD = {
						CreatedOnToolsVersion = 15.0;
					};
				};
			};
			buildConfigurationList = A36172A52AFA76AE00EB6EAD /* Build configuration list for PBXProject "To-DoArchsExperiment" */;
			compatibilityVersion = "Xcode 14.0";
			developmentRegion = en;
			hasScannedForEncodings = 0;
			knownRegions = (
				en,
				Base,
			);
			mainGroup = A36172A12AFA76AE00EB6EAD;
			productRefGroup = A36172AB2AFA76AE00EB6EAD /* Products */;
			projectDirPath = "";
			projectRoot = "";
			targets = (
				A36172A92AFA76AE00EB6EAD /* To-DoArchsExperiment */,
			);
		};
/* End PBXProject section */

/* Begin PBXResourcesBuildPhase section */
		A36172A82AFA76AE00EB6EAD /* Resources */ = {
			isa = PBXResourcesBuildPhase;
			buildActionMask = 2147483647;
			files = (
				A36172BA2AFA76AF00EB6EAD /* LaunchScreen.storyboard in Resources */,
				A36172B72AFA76AF00EB6EAD /* Assets.xcassets in Resources */,
			);
			runOnlyForDeploymentPostprocessing = 0;
		};
/* End PBXResourcesBuildPhase section */

/* Begin PBXSourcesBuildPhase section */
		A36172A62AFA76AE00EB6EAD /* Sources */ = {
			isa = PBXSourcesBuildPhase;
			buildActionMask = 2147483647;
			files = (
				A36172B22AFA76AE00EB6EAD /* ViewController.swift in Sources */,
				A36172AE2AFA76AE00EB6EAD /* AppDelegate.swift in Sources */,
				A36172B02AFA76AE00EB6EAD /* SceneDelegate.swift in Sources */,
				A36172D12AFA8F4500EB6EAD /* CoreDataManager.swift in Sources */,
				A36172C32AFA89DD00EB6EAD /* ToDoList.xcdatamodeld in Sources */,
			);
			runOnlyForDeploymentPostprocessing = 0;
		};
/* End PBXSourcesBuildPhase section */

/* Begin PBXVariantGroup section */
		A36172B82AFA76AF00EB6EAD /* LaunchScreen.storyboard */ = {
			isa = PBXVariantGroup;
			children = (
				A36172B92AFA76AF00EB6EAD /* Base */,
			);
			name = LaunchScreen.storyboard;
			sourceTree = "<group>";
		};
/* End PBXVariantGroup section */

/* Begin XCBuildConfiguration section */
		A36172BC2AFA76AF00EB6EAD /* Debug */ = {
			isa = XCBuildConfiguration;
			buildSettings = {
				ALWAYS_SEARCH_USER_PATHS = NO;
				ASSETCATALOG_COMPILER_GENERATE_SWIFT_ASSET_SYMBOL_EXTENSIONS = YES;
				CLANG_ANALYZER_NONNULL = YES;
				CLANG_ANALYZER_NUMBER_OBJECT_CONVERSION = YES_AGGRESSIVE;
				CLANG_CXX_LANGUAGE_STANDARD = "gnu++20";
				CLANG_ENABLE_MODULES = YES;
				CLANG_ENABLE_OBJC_ARC = YES;
				CLANG_ENABLE_OBJC_WEAK = YES;
				CLANG_WARN_BLOCK_CAPTURE_AUTORELEASING = YES;
				CLANG_WARN_BOOL_CONVERSION = YES;
				CLANG_WARN_COMMA = YES;
				CLANG_WARN_CONSTANT_CONVERSION = YES;
				CLANG_WARN_DEPRECATED_OBJC_IMPLEMENTATIONS = YES;
				CLANG_WARN_DIRECT_OBJC_ISA_USAGE = YES_ERROR;
				CLANG_WARN_DOCUMENTATION_COMMENTS = YES;
				CLANG_WARN_EMPTY_BODY = YES;
				CLANG_WARN_ENUM_CONVERSION = YES;
				CLANG_WARN_INFINITE_RECURSION = YES;
				CLANG_WARN_INT_CONVERSION = YES;
				CLANG_WARN_NON_LITERAL_NULL_CONVERSION = YES;
				CLANG_WARN_OBJC_IMPLICIT_RETAIN_SELF = YES;
				CLANG_WARN_OBJC_LITERAL_CONVERSION = YES;
				CLANG_WARN_OBJC_ROOT_CLASS = YES_ERROR;
				CLANG_WARN_QUOTED_INCLUDE_IN_FRAMEWORK_HEADER = YES;
				CLANG_WARN_RANGE_LOOP_ANALYSIS = YES;
				CLANG_WARN_STRICT_PROTOTYPES = YES;
				CLANG_WARN_SUSPICIOUS_MOVE = YES;
				CLANG_WARN_UNGUARDED_AVAILABILITY = YES_AGGRESSIVE;
				CLANG_WARN_UNREACHABLE_CODE = YES;
				CLANG_WARN__DUPLICATE_METHOD_MATCH = YES;
				COPY_PHASE_STRIP = NO;
				DEBUG_INFORMATION_FORMAT = dwarf;
				ENABLE_STRICT_OBJC_MSGSEND = YES;
				ENABLE_TESTABILITY = YES;
				ENABLE_USER_SCRIPT_SANDBOXING = YES;
				GCC_C_LANGUAGE_STANDARD = gnu17;
				GCC_DYNAMIC_NO_PIC = NO;
				GCC_NO_COMMON_BLOCKS = YES;
				GCC_OPTIMIZATION_LEVEL = 0;
				GCC_PREPROCESSOR_DEFINITIONS = (
					"DEBUG=1",
					"$(inherited)",
				);
				GCC_WARN_64_TO_32_BIT_CONVERSION = YES;
				GCC_WARN_ABOUT_RETURN_TYPE = YES_ERROR;
				GCC_WARN_UNDECLARED_SELECTOR = YES;
				GCC_WARN_UNINITIALIZED_AUTOS = YES_AGGRESSIVE;
				GCC_WARN_UNUSED_FUNCTION = YES;
				GCC_WARN_UNUSED_VARIABLE = YES;
				IPHONEOS_DEPLOYMENT_TARGET = 17.0;
				LOCALIZATION_PREFERS_STRING_CATALOGS = YES;
				MTL_ENABLE_DEBUG_INFO = INCLUDE_SOURCE;
				MTL_FAST_MATH = YES;
				ONLY_ACTIVE_ARCH = YES;
				SDKROOT = iphoneos;
				SWIFT_ACTIVE_COMPILATION_CONDITIONS = "DEBUG $(inherited)";
				SWIFT_OPTIMIZATION_LEVEL = "-Onone";
			};
			name = Debug;
		};
		A36172BD2AFA76AF00EB6EAD /* Release */ = {
			isa = XCBuildConfiguration;
			buildSettings = {
				ALWAYS_SEARCH_USER_PATHS = NO;
				ASSETCATALOG_COMPILER_GENERATE_SWIFT_ASSET_SYMBOL_EXTENSIONS = YES;
				CLANG_ANALYZER_NONNULL = YES;
				CLANG_ANALYZER_NUMBER_OBJECT_CONVERSION = YES_AGGRESSIVE;
				CLANG_CXX_LANGUAGE_STANDARD = "gnu++20";
				CLANG_ENABLE_MODULES = YES;
				CLANG_ENABLE_OBJC_ARC = YES;
				CLANG_ENABLE_OBJC_WEAK = YES;
				CLANG_WARN_BLOCK_CAPTURE_AUTORELEASING = YES;
				CLANG_WARN_BOOL_CONVERSION = YES;
				CLANG_WARN_COMMA = YES;
				CLANG_WARN_CONSTANT_CONVERSION = YES;
				CLANG_WARN_DEPRECATED_OBJC_IMPLEMENTATIONS = YES;
				CLANG_WARN_DIRECT_OBJC_ISA_USAGE = YES_ERROR;
				CLANG_WARN_DOCUMENTATION_COMMENTS = YES;
				CLANG_WARN_EMPTY_BODY = YES;
				CLANG_WARN_ENUM_CONVERSION = YES;
				CLANG_WARN_INFINITE_RECURSION = YES;
				CLANG_WARN_INT_CONVERSION = YES;
				CLANG_WARN_NON_LITERAL_NULL_CONVERSION = YES;
				CLANG_WARN_OBJC_IMPLICIT_RETAIN_SELF = YES;
				CLANG_WARN_OBJC_LITERAL_CONVERSION = YES;
				CLANG_WARN_OBJC_ROOT_CLASS = YES_ERROR;
				CLANG_WARN_QUOTED_INCLUDE_IN_FRAMEWORK_HEADER = YES;
				CLANG_WARN_RANGE_LOOP_ANALYSIS = YES;
				CLANG_WARN_STRICT_PROTOTYPES = YES;
				CLANG_WARN_SUSPICIOUS_MOVE = YES;
				CLANG_WARN_UNGUARDED_AVAILABILITY = YES_AGGRESSIVE;
				CLANG_WARN_UNREACHABLE_CODE = YES;
				CLANG_WARN__DUPLICATE_METHOD_MATCH = YES;
				COPY_PHASE_STRIP = NO;
				DEBUG_INFORMATION_FORMAT = "dwarf-with-dsym";
				ENABLE_NS_ASSERTIONS = NO;
				ENABLE_STRICT_OBJC_MSGSEND = YES;
				ENABLE_USER_SCRIPT_SANDBOXING = YES;
				GCC_C_LANGUAGE_STANDARD = gnu17;
				GCC_NO_COMMON_BLOCKS = YES;
				GCC_WARN_64_TO_32_BIT_CONVERSION = YES;
				GCC_WARN_ABOUT_RETURN_TYPE = YES_ERROR;
				GCC_WARN_UNDECLARED_SELECTOR = YES;
				GCC_WARN_UNINITIALIZED_AUTOS = YES_AGGRESSIVE;
				GCC_WARN_UNUSED_FUNCTION = YES;
				GCC_WARN_UNUSED_VARIABLE = YES;
				IPHONEOS_DEPLOYMENT_TARGET = 17.0;
				LOCALIZATION_PREFERS_STRING_CATALOGS = YES;
				MTL_ENABLE_DEBUG_INFO = NO;
				MTL_FAST_MATH = YES;
				SDKROOT = iphoneos;
				SWIFT_COMPILATION_MODE = wholemodule;
				VALIDATE_PRODUCT = YES;
			};
			name = Release;
		};
		A36172BF2AFA76AF00EB6EAD /* Debug */ = {
			isa = XCBuildConfiguration;
			buildSettings = {
				ASSETCATALOG_COMPILER_APPICON_NAME = AppIcon;
				ASSETCATALOG_COMPILER_GLOBAL_ACCENT_COLOR_NAME = AccentColor;
				CODE_SIGN_STYLE = Automatic;
				CURRENT_PROJECT_VERSION = 1;
				DEVELOPMENT_TEAM = Z5SY25G88G;
				GENERATE_INFOPLIST_FILE = YES;
				INFOPLIST_FILE = "To-DoArchsExperiment/Info.plist";
				INFOPLIST_KEY_UIApplicationSupportsIndirectInputEvents = YES;
				INFOPLIST_KEY_UILaunchStoryboardName = LaunchScreen;
				INFOPLIST_KEY_UIMainStoryboardFile = Main;
				INFOPLIST_KEY_UISupportedInterfaceOrientations = UIInterfaceOrientationPortrait;
				INFOPLIST_KEY_UISupportedInterfaceOrientations_iPad = "UIInterfaceOrientationLandscapeLeft UIInterfaceOrientationLandscapeRight UIInterfaceOrientationPortrait UIInterfaceOrientationPortraitUpsideDown";
				LD_RUNPATH_SEARCH_PATHS = (
					"$(inherited)",
					"@executable_path/Frameworks",
				);
				MARKETING_VERSION = 1.0;
				PRODUCT_BUNDLE_IDENTIFIER = "XoXo.To-DoArchsExperiment";
				PRODUCT_NAME = "$(TARGET_NAME)";
				SUPPORTED_PLATFORMS = "iphoneos iphonesimulator";
				SUPPORTS_MACCATALYST = NO;
				SUPPORTS_MAC_DESIGNED_FOR_IPHONE_IPAD = NO;
				SUPPORTS_XR_DESIGNED_FOR_IPHONE_IPAD = NO;
				SWIFT_EMIT_LOC_STRINGS = YES;
				SWIFT_VERSION = 5.0;
				TARGETED_DEVICE_FAMILY = 1;
			};
			name = Debug;
		};
		A36172C02AFA76AF00EB6EAD /* Release */ = {
			isa = XCBuildConfiguration;
			buildSettings = {
				ASSETCATALOG_COMPILER_APPICON_NAME = AppIcon;
				ASSETCATALOG_COMPILER_GLOBAL_ACCENT_COLOR_NAME = AccentColor;
				CODE_SIGN_STYLE = Automatic;
				CURRENT_PROJECT_VERSION = 1;
				DEVELOPMENT_TEAM = Z5SY25G88G;
				GENERATE_INFOPLIST_FILE = YES;
				INFOPLIST_FILE = "To-DoArchsExperiment/Info.plist";
				INFOPLIST_KEY_UIApplicationSupportsIndirectInputEvents = YES;
				INFOPLIST_KEY_UILaunchStoryboardName = LaunchScreen;
				INFOPLIST_KEY_UIMainStoryboardFile = Main;
				INFOPLIST_KEY_UISupportedInterfaceOrientations = UIInterfaceOrientationPortrait;
				INFOPLIST_KEY_UISupportedInterfaceOrientations_iPad = "UIInterfaceOrientationLandscapeLeft UIInterfaceOrientationLandscapeRight UIInterfaceOrientationPortrait UIInterfaceOrientationPortraitUpsideDown";
				LD_RUNPATH_SEARCH_PATHS = (
					"$(inherited)",
					"@executable_path/Frameworks",
				);
				MARKETING_VERSION = 1.0;
				PRODUCT_BUNDLE_IDENTIFIER = "XoXo.To-DoArchsExperiment";
				PRODUCT_NAME = "$(TARGET_NAME)";
				SUPPORTED_PLATFORMS = "iphoneos iphonesimulator";
				SUPPORTS_MACCATALYST = NO;
				SUPPORTS_MAC_DESIGNED_FOR_IPHONE_IPAD = NO;
				SUPPORTS_XR_DESIGNED_FOR_IPHONE_IPAD = NO;
				SWIFT_EMIT_LOC_STRINGS = YES;
				SWIFT_VERSION = 5.0;
				TARGETED_DEVICE_FAMILY = 1;
			};
			name = Release;
		};
/* End XCBuildConfiguration section */

/* Begin XCConfigurationList section */
		A36172A52AFA76AE00EB6EAD /* Build configuration list for PBXProject "To-DoArchsExperiment" */ = {
			isa = XCConfigurationList;
			buildConfigurations = (
				A36172BC2AFA76AF00EB6EAD /* Debug */,
				A36172BD2AFA76AF00EB6EAD /* Release */,
			);
			defaultConfigurationIsVisible = 0;
			defaultConfigurationName = Release;
		};
		A36172BE2AFA76AF00EB6EAD /* Build configuration list for PBXNativeTarget "To-DoArchsExperiment" */ = {
			isa = XCConfigurationList;
			buildConfigurations = (
				A36172BF2AFA76AF00EB6EAD /* Debug */,
				A36172C02AFA76AF00EB6EAD /* Release */,
			);
			defaultConfigurationIsVisible = 0;
			defaultConfigurationName = Release;
		};
/* End XCConfigurationList section */

/* Begin XCVersionGroup section */
		A36172C12AFA89DD00EB6EAD /* ToDoList.xcdatamodeld */ = {
			isa = XCVersionGroup;
			children = (
				A36172C22AFA89DD00EB6EAD /* ToDoList.xcdatamodel */,
			);
			currentVersion = A36172C22AFA89DD00EB6EAD /* ToDoList.xcdatamodel */;
			path = ToDoList.xcdatamodeld;
			sourceTree = "<group>";
			versionGroupType = wrapper.xcdatamodel;
		};
/* End XCVersionGroup section */
	};
	rootObject = A36172A22AFA76AE00EB6EAD /* Project object */;
}
